# This file is automatically @generated by Cargo.
# It is not intended for manual editing.
version = 4

[[package]]
name = "bitcoin-consensus-encoding"
version = "1.2.0"
source = "registry+https://github.com/rust-lang/crates.io-index"
checksum = "6712f9c6fd6785b3b270884e57c441c403dc5d7e19ca45368c97c7a1de3000ec"
dependencies = [
 "bitcoin-internals",
]

[[package]]
name = "bitcoin-internals"
version = "0.6.0"
source = "registry+https://github.com/rust-lang/crates.io-index"
checksum = "d573f4cf32996a8dce612e4348cece65a241f1882ed594047c9ba348e8869fa5"

[[package]]
name = "bitcoin_hashes"
version = "1.2.0"
source = "registry+https://github.com/rust-lang/crates.io-index"
checksum = "5304e53726dbe5f93141535e102ed97b5bf4714fbecefdda8f9fb98d7fdaff0e"
dependencies = [
 "bitcoin-consensus-encoding",
 "bitcoin-internals",
]

[[package]]
name = "elo"
version = "0.1.0"
dependencies = [
 "bitcoin_hashes",
]
